
Microsoft Visual Studio Solution File, Format Version 12.00
# Visual Studio Version 17
VisualStudioVersion = 17.0.31903.59
MinimumVisualStudioVersion = 10.0.40219.1
Project("{2150E333-8FDC-42A3-9474-1A3956D46DE8}") = "src", "src", "{827E0CD3-B72D-47B6-A68D-7590B98EB39B}"
EndProject
Project("{FAE04EC0-301F-11D3-BF4B-00C04F79EFBC}") = "BMPCommerce.Domain", "src\BMPCommerce.Domain\BMPCommerce.Domain.csproj", "{9E4A95CF-EDF1-41A1-B2AF-1AC58824CA0D}"
EndProject
Project("{FAE04EC0-301F-11D3-BF4B-00C04F79EFBC}") = "BMPCommerce.Application", "src\BMPCommerce.Application\BMPCommerce.Application.csproj", "{9F1BB821-64F8-45A7-83E6-C89E03FC91E4}"
EndProject
Project("{FAE04EC0-301F-11D3-BF4B-00C04F79EFBC}") = "BMPCommerce.Infrastructure", "src\BMPCommerce.Infrastructure\BMPCommerce.Infrastructure.csproj", "{BEBFFBFC-99B6-4F0E-9498-55A6BF59B869}"
EndProject
Project("{FAE04EC0-301F-11D3-BF4B-00C04F79EFBC}") = "BMPCommerce.API", "src\BMPCommerce.API\BMPCommerce.API.csproj", "{F28D7754-CBE4-4207-A4E9-59C3A881FBAD}"
EndProject
Project("{2150E333-8FDC-42A3-9474-1A3956D46DE8}") = "tests", "tests", "{0AB3BF05-4346-4AA6-1389-037BE0695223}"
EndProject
Project("{FAE04EC0-301F-11D3-BF4B-00C04F79EFBC}") = "BMPCommerce.UnitTests", "tests\BMPCommerce.UnitTests\BMPCommerce.UnitTests.csproj", "{328B909D-D47B-40B7-9546-B4D55B39121F}"
EndProject
Project("{FAE04EC0-301F-11D3-BF4B-00C04F79EFBC}") = "BMPCommerce.IntegrationTests", "tests\BMPCommerce.IntegrationTests\BMPCommerce.IntegrationTests.csproj", "{5D7DE62B-8CFF-4107-AD4F-9BCDC3CCD0D6}"
EndProject
Global
	GlobalSection(SolutionConfigurationPlatforms) = preSolution
		Debug|Any CPU = Debug|Any CPU
		Debug|x64 = Debug|x64
		Debug|x86 = Debug|x86
		Release|Any CPU = Release|Any CPU
		Release|x64 = Release|x64
		Release|x86 = Release|x86
	EndGlobalSection
	GlobalSection(ProjectConfigurationPlatforms) = postSolution
		{9E4A95CF-EDF1-41A1-B2AF-1AC58824CA0D}.Debug|Any CPU.ActiveCfg = Debug|Any CPU
		{9E4A95CF-EDF1-41A1-B2AF-1AC58824CA0D}.Debug|Any CPU.Build.0 = Debug|Any CPU
		{9E4A95CF-EDF1-41A1-B2AF-1AC58824CA0D}.Debug|x64.ActiveCfg = Debug|Any CPU
		{9E4A95CF-EDF1-41A1-B2AF-1AC58824CA0D}.Debug|x64.Build.0 = Debug|Any CPU
		{9E4A95CF-EDF1-41A1-B2AF-1AC58824CA0D}.Debug|x86.ActiveCfg = Debug|Any CPU
		{9E4A95CF-EDF1-41A1-B2AF-1AC58824CA0D}.Debug|x86.Build.0 = Debug|Any CPU
		{9E4A95CF-EDF1-41A1-B2AF-1AC58824CA0D}.Release|Any CPU.ActiveCfg = Release|Any CPU
		{9E4A95CF-EDF1-41A1-B2AF-1AC58824CA0D}.Release|Any CPU.Build.0 = Release|Any CPU
		{9E4A95CF-EDF1-41A1-B2AF-1AC58824CA0D}.Release|x64.ActiveCfg = Release|Any CPU
		{9E4A95CF-EDF1-41A1-B2AF-1AC58824CA0D}.Release|x64.Build.0 = Release|Any CPU
		{9E4A95CF-EDF1-41A1-B2AF-1AC58824CA0D}.Release|x86.ActiveCfg = Release|Any CPU
		{9E4A95CF-EDF1-41A1-B2AF-1AC58824CA0D}.Release|x86.Build.0 = Release|Any CPU
		{9F1BB821-64F8-45A7-83E6-C89E03FC91E4}.Debug|Any CPU.ActiveCfg = Debug|Any CPU
		{9F1BB821-64F8-45A7-83E6-C89E03FC91E4}.Debug|Any CPU.Build.0 = Debug|Any CPU
		{9F1BB821-64F8-45A7-83E6-C89E03FC91E4}.Debug|x64.ActiveCfg = Debug|Any CPU
		{9F1BB821-64F8-45A7-83E6-C89E03FC91E4}.Debug|x64.Build.0 = Debug|Any CPU
		{9F1BB821-64F8-45A7-83E6-C89E03FC91E4}.Debug|x86.ActiveCfg = Debug|Any CPU
		{9F1BB821-64F8-45A7-83E6-C89E03FC91E4}.Debug|x86.Build.0 = Debug|Any CPU
		{9F1BB821-64F8-45A7-83E6-C89E03FC91E4}.Release|Any CPU.ActiveCfg = Release|Any CPU
		{9F1BB821-64F8-45A7-83E6-C89E03FC91E4}.Release|Any CPU.Build.0 = Release|Any CPU
		{9F1BB821-64F8-45A7-83E6-C89E03FC91E4}.Release|x64.ActiveCfg = Release|Any CPU
		{9F1BB821-64F8-45A7-83E6-C89E03FC91E4}.Release|x64.Build.0 = Release|Any CPU
		{9F1BB821-64F8-45A7-83E6-C89E03FC91E4}.Release|x86.ActiveCfg = Release|Any CPU
		{9F1BB821-64F8-45A7-83E6-C89E03FC91E4}.Release|x86.Build.0 = Release|Any CPU
		{BEBFFBFC-99B6-4F0E-9498-55A6BF59B869}.Debug|Any CPU.ActiveCfg = Debug|Any CPU
		{BEBFFBFC-99B6-4F0E-9498-55A6BF59B869}.Debug|Any CPU.Build.0 = Debug|Any CPU
		{BEBFFBFC-99B6-4F0E-9498-55A6BF59B869}.Debug|x64.ActiveCfg = Debug|Any CPU
		{BEBFFBFC-99B6-4F0E-9498-55A6BF59B869}.Debug|x64.Build.0 = Debug|Any CPU
		{BEBFFBFC-99B6-4F0E-9498-55A6BF59B869}.Debug|x86.ActiveCfg = Debug|Any CPU
		{BEBFFBFC-99B6-4F0E-9498-55A6BF59B869}.Debug|x86.Build.0 = Debug|Any CPU
		{BEBFFBFC-99B6-4F0E-9498-55A6BF59B869}.Release|Any CPU.ActiveCfg = Release|Any CPU
		{BEBFFBFC-99B6-4F0E-9498-55A6BF59B869}.Release|Any CPU.Build.0 = Release|Any CPU
		{BEBFFBFC-99B6-4F0E-9498-55A6BF59B869}.Release|x64.ActiveCfg = Release|Any CPU
		{BEBFFBFC-99B6-4F0E-9498-55A6BF59B869}.Release|x64.Build.0 = Release|Any CPU
		{BEBFFBFC-99B6-4F0E-9498-55A6BF59B869}.Release|x86.ActiveCfg = Release|Any CPU
		{BEBFFBFC-99B6-4F0E-9498-55A6BF59B869}.Release|x86.Build.0 = Release|Any CPU
		{F28D7754-CBE4-4207-A4E9-59C3A881FBAD}.Debug|Any CPU.ActiveCfg = Debug|Any CPU
		{F28D7754-CBE4-4207-A4E9-59C3A881FBAD}.Debug|Any CPU.Build.0 = Debug|Any CPU
		{F28D7754-CBE4-4207-A4E9-59C3A881FBAD}.Debug|x64.ActiveCfg = Debug|Any CPU
		{F28D7754-CBE4-4207-A4E9-59C3A881FBAD}.Debug|x64.Build.0 = Debug|Any CPU
		{F28D7754-CBE4-4207-A4E9-59C3A881FBAD}.Debug|x86.ActiveCfg = Debug|Any CPU
		{F28D7754-CBE4-4207-A4E9-59C3A881FBAD}.Debug|x86.Build.0 = Debug|Any CPU
		{F28D7754-CBE4-4207-A4E9-59C3A881FBAD}.Release|Any CPU.ActiveCfg = Release|Any CPU
		{F28D7754-CBE4-4207-A4E9-59C3A881FBAD}.Release|Any CPU.Build.0 = Release|Any CPU
		{F28D7754-CBE4-4207-A4E9-59C3A881FBAD}.Release|x64.ActiveCfg = Release|Any CPU
		{F28D7754-CBE4-4207-A4E9-59C3A881FBAD}.Release|x64.Build.0 = Release|Any CPU
		{F28D7754-CBE4-4207-A4E9-59C3A881FBAD}.Release|x86.ActiveCfg = Release|Any CPU
		{F28D7754-CBE4-4207-A4E9-59C3A881FBAD}.Release|x86.Build.0 = Release|Any CPU
		{328B909D-D47B-40B7-9546-B4D55B39121F}.Debug|Any CPU.ActiveCfg = Debug|Any CPU
		{328B909D-D47B-40B7-9546-B4D55B39121F}.Debug|Any CPU.Build.0 = Debug|Any CPU
		{328B909D-D47B-40B7-9546-B4D55B39121F}.Debug|x64.ActiveCfg = Debug|Any CPU
		{328B909D-D47B-40B7-9546-B4D55B39121F}.Debug|x64.Build.0 = Debug|Any CPU
		{328B909D-D47B-40B7-9546-B4D55B39121F}.Debug|x86.ActiveCfg = Debug|Any CPU
		{328B909D-D47B-40B7-9546-B4D55B39121F}.Debug|x86.Build.0 = Debug|Any CPU
		{328B909D-D47B-40B7-9546-B4D55B39121F}.Release|Any CPU.ActiveCfg = Release|Any CPU
		{328B909D-D47B-40B7-9546-B4D55B39121F}.Release|Any CPU.Build.0 = Release|Any CPU
		{328B909D-D47B-40B7-9546-B4D55B39121F}.Release|x64.ActiveCfg = Release|Any CPU
		{328B909D-D47B-40B7-9546-B4D55B39121F}.Release|x64.Build.0 = Release|Any CPU
		{328B909D-D47B-40B7-9546-B4D55B39121F}.Release|x86.ActiveCfg = Release|Any CPU
		{328B909D-D47B-40B7-9546-B4D55B39121F}.Release|x86.Build.0 = Release|Any CPU
		{5D7DE62B-8CFF-4107-AD4F-9BCDC3CCD0D6}.Debug|Any CPU.ActiveCfg = Debug|Any CPU
		{5D7DE62B-8CFF-4107-AD4F-9BCDC3CCD0D6}.Debug|Any CPU.Build.0 = Debug|Any CPU
		{5D7DE62B-8CFF-4107-AD4F-9BCDC3CCD0D6}.Debug|x64.ActiveCfg = Debug|Any CPU
		{5D7DE62B-8CFF-4107-AD4F-9BCDC3CCD0D6}.Debug|x64.Build.0 = Debug|Any CPU
		{5D7DE62B-8CFF-4107-AD4F-9BCDC3CCD0D6}.Debug|x86.ActiveCfg = Debug|Any CPU
		{5D7DE62B-8CFF-4107-AD4F-9BCDC3CCD0D6}.Debug|x86.Build.0 = Debug|Any CPU
		{5D7DE62B-8CFF-4107-AD4F-9BCDC3CCD0D6}.Release|Any CPU.ActiveCfg = Release|Any CPU
		{5D7DE62B-8CFF-4107-AD4F-9BCDC3CCD0D6}.Release|Any CPU.Build.0 = Release|Any CPU
		{5D7DE62B-8CFF-4107-AD4F-9BCDC3CCD0D6}.Release|x64.ActiveCfg = Release|Any CPU
		{5D7DE62B-8CFF-4107-AD4F-9BCDC3CCD0D6}.Release|x64.Build.0 = Release|Any CPU
		{5D7DE62B-8CFF-4107-AD4F-9BCDC3CCD0D6}.Release|x86.ActiveCfg = Release|Any CPU
		{5D7DE62B-8CFF-4107-AD4F-9BCDC3CCD0D6}.Release|x86.Build.0 = Release|Any CPU
	EndGlobalSection
	GlobalSection(SolutionProperties) = preSolution
		HideSolutionNode = FALSE
	EndGlobalSection
	GlobalSection(NestedProjects) = preSolution
		{9E4A95CF-EDF1-41A1-B2AF-1AC58824CA0D} = {827E0CD3-B72D-47B6-A68D-7590B98EB39B}
		{9F1BB821-64F8-45A7-83E6-C89E03FC91E4} = {827E0CD3-B72D-47B6-A68D-7590B98EB39B}
		{BEBFFBFC-99B6-4F0E-9498-55A6BF59B869} = {827E0CD3-B72D-47B6-A68D-7590B98EB39B}
		{F28D7754-CBE4-4207-A4E9-59C3A881FBAD} = {827E0CD3-B72D-47B6-A68D-7590B98EB39B}
		{328B909D-D47B-40B7-9546-B4D55B39121F} = {0AB3BF05-4346-4AA6-1389-037BE0695223}
		{5D7DE62B-8CFF-4107-AD4F-9BCDC3CCD0D6} = {0AB3BF05-4346-4AA6-1389-037BE0695223}
	EndGlobalSection
EndGlobal
